
Microsoft Visual Studio Solution File, Format Version 11.00
# Visual Studio 2010
Project("{F184B08F-C81C-45F6-A57F-5ABD9991F28F}") = "Core", "Core\Core.vbproj", "{EE8E80CD-FFEE-439F-967C-1DBDC346C77E}"
	ProjectSection(ProjectDependencies) = postProject
		{08206596-09E3-43FC-B930-ABDED3B0E36E} = {08206596-09E3-43FC-B930-ABDED3B0E36E}
		{2A9F76D4-72DF-4590-9397-4BC8FC337328} = {2A9F76D4-72DF-4590-9397-4BC8FC337328}
	EndProjectSection
EndProject
Project("{F184B08F-C81C-45F6-A57F-5ABD9991F28F}") = "Common", "Common\Common.vbproj", "{D1268F11-E19A-4416-9545-CAA51F4C43E9}"
EndProject
Project("{F184B08F-C81C-45F6-A57F-5ABD9991F28F}") = "DataAccess", "DataAccess\DataAccess.vbproj", "{1C85BE8B-6D98-4624-AFF0-935B61BC90A2}"
	ProjectSection(ProjectDependencies) = postProject
		{2A9F76D4-72DF-4590-9397-4BC8FC337328} = {2A9F76D4-72DF-4590-9397-4BC8FC337328}
	EndProjectSection
EndProject
Project("{F184B08F-C81C-45F6-A57F-5ABD9991F28F}") = "Systems", "Systems\Systems.vbproj", "{6D5D9E89-0A88-490D-957A-E9C0374CF9A5}"
EndProject
Project("{F184B08F-C81C-45F6-A57F-5ABD9991F28F}") = "Location", "Location\Location.vbproj", "{44348B6A-181F-487D-A78C-AC9639854852}"
EndProject
Project("{F184B08F-C81C-45F6-A57F-5ABD9991F28F}") = "Personnel", "Personnel\Personnel.vbproj", "{BB753093-90B5-42BB-A30D-E88A8A4A6124}"
EndProject
Project("{F184B08F-C81C-45F6-A57F-5ABD9991F28F}") = "Constituent", "Constituent\Constituent.vbproj", "{8E8025EA-5342-4260-AB46-E1D145C4482D}"
EndProject
Project("{F184B08F-C81C-45F6-A57F-5ABD9991F28F}") = "MyTemplates", "MyTemplates\MyTemplates.vbproj", "{2A9F76D4-72DF-4590-9397-4BC8FC337328}"
EndProject
Project("{54435603-DBB4-11D2-8724-00A0C9A8B90C}") = "CGMEA Set Up", "CGMEA Set Up\CGMEA Set Up.vdproj", "{CD853AA5-3F4C-45BE-BCA4-B790D53D5198}"
EndProject
Project("{F184B08F-C81C-45F6-A57F-5ABD9991F28F}") = "Membership", "Membership\Membership.vbproj", "{D7DE530C-95D0-467C-B935-4C66730A25BF}"
EndProject
Project("{F184B08F-C81C-45F6-A57F-5ABD9991F28F}") = "Bookkeper", "Bookkeper\Bookkeper.vbproj", "{AE2C9684-34AC-48B0-A111-94791EB16C56}"
EndProject
Project("{F184B08F-C81C-45F6-A57F-5ABD9991F28F}") = "Utility", "Utility\Utility.vbproj", "{08206596-09E3-43FC-B930-ABDED3B0E36E}"
EndProject
Project("{F184B08F-C81C-45F6-A57F-5ABD9991F28F}") = "Treasurer", "Treasurer\Treasurer.vbproj", "{29BA21A4-F85D-471D-A68B-3C4D8D31E68C}"
EndProject
Project("{F184B08F-C81C-45F6-A57F-5ABD9991F28F}") = "IRGS UPDATER", "IRGS UPDATER\IRGS UPDATER.vbproj", "{AA7570A5-66B1-4298-8A4C-90B0FCAA432E}"
EndProject
Global
	GlobalSection(SolutionConfigurationPlatforms) = preSolution
		Debug|Any CPU = Debug|Any CPU
		Debug|x64 = Debug|x64
		Debug|x86 = Debug|x86
		Release|Any CPU = Release|Any CPU
		Release|x64 = Release|x64
		Release|x86 = Release|x86
	EndGlobalSection
	GlobalSection(ProjectConfigurationPlatforms) = postSolution
		{EE8E80CD-FFEE-439F-967C-1DBDC346C77E}.Debug|Any CPU.ActiveCfg = Debug|x86
		{EE8E80CD-FFEE-439F-967C-1DBDC346C77E}.Debug|Any CPU.Build.0 = Debug|x86
		{EE8E80CD-FFEE-439F-967C-1DBDC346C77E}.Debug|x64.ActiveCfg = Debug|x86
		{EE8E80CD-FFEE-439F-967C-1DBDC346C77E}.Debug|x86.ActiveCfg = Debug|x86
		{EE8E80CD-FFEE-439F-967C-1DBDC346C77E}.Debug|x86.Build.0 = Debug|x86
		{EE8E80CD-FFEE-439F-967C-1DBDC346C77E}.Release|Any CPU.ActiveCfg = Release|Any CPU
		{EE8E80CD-FFEE-439F-967C-1DBDC346C77E}.Release|Any CPU.Build.0 = Release|Any CPU
		{EE8E80CD-FFEE-439F-967C-1DBDC346C77E}.Release|x64.ActiveCfg = Release|x86
		{EE8E80CD-FFEE-439F-967C-1DBDC346C77E}.Release|x86.ActiveCfg = Release|x86
		{EE8E80CD-FFEE-439F-967C-1DBDC346C77E}.Release|x86.Build.0 = Release|x86
		{D1268F11-E19A-4416-9545-CAA51F4C43E9}.Debug|Any CPU.ActiveCfg = Debug|x86
		{D1268F11-E19A-4416-9545-CAA51F4C43E9}.Debug|Any CPU.Build.0 = Debug|x86
		{D1268F11-E19A-4416-9545-CAA51F4C43E9}.Debug|x64.ActiveCfg = Debug|x86
		{D1268F11-E19A-4416-9545-CAA51F4C43E9}.Debug|x86.ActiveCfg = Debug|x86
		{D1268F11-E19A-4416-9545-CAA51F4C43E9}.Debug|x86.Build.0 = Debug|x86
		{D1268F11-E19A-4416-9545-CAA51F4C43E9}.Release|Any CPU.ActiveCfg = Release|Any CPU
		{D1268F11-E19A-4416-9545-CAA51F4C43E9}.Release|Any CPU.Build.0 = Release|Any CPU
		{D1268F11-E19A-4416-9545-CAA51F4C43E9}.Release|x64.ActiveCfg = Release|x86
		{D1268F11-E19A-4416-9545-CAA51F4C43E9}.Release|x86.ActiveCfg = Release|x86
		{D1268F11-E19A-4416-9545-CAA51F4C43E9}.Release|x86.Build.0 = Release|x86
		{1C85BE8B-6D98-4624-AFF0-935B61BC90A2}.Debug|Any CPU.ActiveCfg = Debug|x86
		{1C85BE8B-6D98-4624-AFF0-935B61BC90A2}.Debug|Any CPU.Build.0 = Debug|x86
		{1C85BE8B-6D98-4624-AFF0-935B61BC90A2}.Debug|x64.ActiveCfg = Debug|x86
		{1C85BE8B-6D98-4624-AFF0-935B61BC90A2}.Debug|x86.ActiveCfg = Debug|x86
		{1C85BE8B-6D98-4624-AFF0-935B61BC90A2}.Debug|x86.Build.0 = Debug|x86
		{1C85BE8B-6D98-4624-AFF0-935B61BC90A2}.Release|Any CPU.ActiveCfg = Release|Any CPU
		{1C85BE8B-6D98-4624-AFF0-935B61BC90A2}.Release|Any CPU.Build.0 = Release|Any CPU
		{1C85BE8B-6D98-4624-AFF0-935B61BC90A2}.Release|x64.ActiveCfg = Release|x86
		{1C85BE8B-6D98-4624-AFF0-935B61BC90A2}.Release|x86.ActiveCfg = Release|x86
		{1C85BE8B-6D98-4624-AFF0-935B61BC90A2}.Release|x86.Build.0 = Release|x86
		{6D5D9E89-0A88-490D-957A-E9C0374CF9A5}.Debug|Any CPU.ActiveCfg = Debug|x86
		{6D5D9E89-0A88-490D-957A-E9C0374CF9A5}.Debug|Any CPU.Build.0 = Debug|x86
		{6D5D9E89-0A88-490D-957A-E9C0374CF9A5}.Debug|x64.ActiveCfg = Debug|x86
		{6D5D9E89-0A88-490D-957A-E9C0374CF9A5}.Debug|x86.ActiveCfg = Debug|x86
		{6D5D9E89-0A88-490D-957A-E9C0374CF9A5}.Debug|x86.Build.0 = Debug|x86
		{6D5D9E89-0A88-490D-957A-E9C0374CF9A5}.Release|Any CPU.ActiveCfg = Release|Any CPU
		{6D5D9E89-0A88-490D-957A-E9C0374CF9A5}.Release|Any CPU.Build.0 = Release|Any CPU
		{6D5D9E89-0A88-490D-957A-E9C0374CF9A5}.Release|x64.ActiveCfg = Release|x86
		{6D5D9E89-0A88-490D-957A-E9C0374CF9A5}.Release|x86.ActiveCfg = Release|x86
		{6D5D9E89-0A88-490D-957A-E9C0374CF9A5}.Release|x86.Build.0 = Release|x86
		{44348B6A-181F-487D-A78C-AC9639854852}.Debug|Any CPU.ActiveCfg = Debug|x86
		{44348B6A-181F-487D-A78C-AC9639854852}.Debug|Any CPU.Build.0 = Debug|x86
		{44348B6A-181F-487D-A78C-AC9639854852}.Debug|x64.ActiveCfg = Debug|x86
		{44348B6A-181F-487D-A78C-AC9639854852}.Debug|x86.ActiveCfg = Debug|x86
		{44348B6A-181F-487D-A78C-AC9639854852}.Debug|x86.Build.0 = Debug|x86
		{44348B6A-181F-487D-A78C-AC9639854852}.Release|Any CPU.ActiveCfg = Release|Any CPU
		{44348B6A-181F-487D-A78C-AC9639854852}.Release|Any CPU.Build.0 = Release|Any CPU
		{44348B6A-181F-487D-A78C-AC9639854852}.Release|x64.ActiveCfg = Release|x86
		{44348B6A-181F-487D-A78C-AC9639854852}.Release|x86.ActiveCfg = Release|x86
		{44348B6A-181F-487D-A78C-AC9639854852}.Release|x86.Build.0 = Release|x86
		{BB753093-90B5-42BB-A30D-E88A8A4A6124}.Debug|Any CPU.ActiveCfg = Debug|x86
		{BB753093-90B5-42BB-A30D-E88A8A4A6124}.Debug|Any CPU.Build.0 = Debug|x86
		{BB753093-90B5-42BB-A30D-E88A8A4A6124}.Debug|x64.ActiveCfg = Debug|x86
		{BB753093-90B5-42BB-A30D-E88A8A4A6124}.Debug|x86.ActiveCfg = Debug|x86
		{BB753093-90B5-42BB-A30D-E88A8A4A6124}.Debug|x86.Build.0 = Debug|x86
		{BB753093-90B5-42BB-A30D-E88A8A4A6124}.Release|Any CPU.ActiveCfg = Release|Any CPU
		{BB753093-90B5-42BB-A30D-E88A8A4A6124}.Release|Any CPU.Build.0 = Release|Any CPU
		{BB753093-90B5-42BB-A30D-E88A8A4A6124}.Release|x64.ActiveCfg = Release|x86
		{BB753093-90B5-42BB-A30D-E88A8A4A6124}.Release|x86.ActiveCfg = Release|x86
		{BB753093-90B5-42BB-A30D-E88A8A4A6124}.Release|x86.Build.0 = Release|x86
		{8E8025EA-5342-4260-AB46-E1D145C4482D}.Debug|Any CPU.ActiveCfg = Debug|x86
		{8E8025EA-5342-4260-AB46-E1D145C4482D}.Debug|Any CPU.Build.0 = Debug|x86
		{8E8025EA-5342-4260-AB46-E1D145C4482D}.Debug|x64.ActiveCfg = Debug|x86
		{8E8025EA-5342-4260-AB46-E1D145C4482D}.Debug|x86.ActiveCfg = Debug|x86
		{8E8025EA-5342-4260-AB46-E1D145C4482D}.Debug|x86.Build.0 = Debug|x86
		{8E8025EA-5342-4260-AB46-E1D145C4482D}.Release|Any CPU.ActiveCfg = Release|Any CPU
		{8E8025EA-5342-4260-AB46-E1D145C4482D}.Release|Any CPU.Build.0 = Release|Any CPU
		{8E8025EA-5342-4260-AB46-E1D145C4482D}.Release|x64.ActiveCfg = Release|x86
		{8E8025EA-5342-4260-AB46-E1D145C4482D}.Release|x86.ActiveCfg = Release|x86
		{8E8025EA-5342-4260-AB46-E1D145C4482D}.Release|x86.Build.0 = Release|x86
		{2A9F76D4-72DF-4590-9397-4BC8FC337328}.Debug|Any CPU.ActiveCfg = Debug|x86
		{2A9F76D4-72DF-4590-9397-4BC8FC337328}.Debug|Any CPU.Build.0 = Debug|x86
		{2A9F76D4-72DF-4590-9397-4BC8FC337328}.Debug|x64.ActiveCfg = Debug|x86
		{2A9F76D4-72DF-4590-9397-4BC8FC337328}.Debug|x86.ActiveCfg = Debug|x86
		{2A9F76D4-72DF-4590-9397-4BC8FC337328}.Debug|x86.Build.0 = Debug|x86
		{2A9F76D4-72DF-4590-9397-4BC8FC337328}.Release|Any CPU.ActiveCfg = Release|Any CPU
		{2A9F76D4-72DF-4590-9397-4BC8FC337328}.Release|Any CPU.Build.0 = Release|Any CPU
		{2A9F76D4-72DF-4590-9397-4BC8FC337328}.Release|x64.ActiveCfg = Release|x86
		{2A9F76D4-72DF-4590-9397-4BC8FC337328}.Release|x86.ActiveCfg = Release|x86
		{2A9F76D4-72DF-4590-9397-4BC8FC337328}.Release|x86.Build.0 = Release|x86
		{CD853AA5-3F4C-45BE-BCA4-B790D53D5198}.Debug|Any CPU.ActiveCfg = Debug
		{CD853AA5-3F4C-45BE-BCA4-B790D53D5198}.Debug|x64.ActiveCfg = Debug
		{CD853AA5-3F4C-45BE-BCA4-B790D53D5198}.Debug|x64.Build.0 = Debug
		{CD853AA5-3F4C-45BE-BCA4-B790D53D5198}.Debug|x86.ActiveCfg = Debug
		{CD853AA5-3F4C-45BE-BCA4-B790D53D5198}.Release|Any CPU.ActiveCfg = Release
		{CD853AA5-3F4C-45BE-BCA4-B790D53D5198}.Release|x64.ActiveCfg = Release
		{CD853AA5-3F4C-45BE-BCA4-B790D53D5198}.Release|x64.Build.0 = Release
		{CD853AA5-3F4C-45BE-BCA4-B790D53D5198}.Release|x86.ActiveCfg = Release
		{D7DE530C-95D0-467C-B935-4C66730A25BF}.Debug|Any CPU.ActiveCfg = Debug|Any CPU
		{D7DE530C-95D0-467C-B935-4C66730A25BF}.Debug|Any CPU.Build.0 = Debug|Any CPU
		{D7DE530C-95D0-467C-B935-4C66730A25BF}.Debug|x64.ActiveCfg = Debug|x86
		{D7DE530C-95D0-467C-B935-4C66730A25BF}.Debug|x86.ActiveCfg = Debug|x86
		{D7DE530C-95D0-467C-B935-4C66730A25BF}.Debug|x86.Build.0 = Debug|x86
		{D7DE530C-95D0-467C-B935-4C66730A25BF}.Release|Any CPU.ActiveCfg = Release|Any CPU
		{D7DE530C-95D0-467C-B935-4C66730A25BF}.Release|Any CPU.Build.0 = Release|Any CPU
		{D7DE530C-95D0-467C-B935-4C66730A25BF}.Release|x64.ActiveCfg = Release|x86
		{D7DE530C-95D0-467C-B935-4C66730A25BF}.Release|x86.ActiveCfg = Release|x86
		{D7DE530C-95D0-467C-B935-4C66730A25BF}.Release|x86.Build.0 = Release|x86
		{AE2C9684-34AC-48B0-A111-94791EB16C56}.Debug|Any CPU.ActiveCfg = Debug|Any CPU
		{AE2C9684-34AC-48B0-A111-94791EB16C56}.Debug|Any CPU.Build.0 = Debug|Any CPU
		{AE2C9684-34AC-48B0-A111-94791EB16C56}.Debug|x64.ActiveCfg = Debug|x86
		{AE2C9684-34AC-48B0-A111-94791EB16C56}.Debug|x86.ActiveCfg = Debug|x86
		{AE2C9684-34AC-48B0-A111-94791EB16C56}.Debug|x86.Build.0 = Debug|x86
		{AE2C9684-34AC-48B0-A111-94791EB16C56}.Release|Any CPU.ActiveCfg = Release|Any CPU
		{AE2C9684-34AC-48B0-A111-94791EB16C56}.Release|Any CPU.Build.0 = Release|Any CPU
		{AE2C9684-34AC-48B0-A111-94791EB16C56}.Release|x64.ActiveCfg = Release|x86
		{AE2C9684-34AC-48B0-A111-94791EB16C56}.Release|x86.ActiveCfg = Release|x86
		{AE2C9684-34AC-48B0-A111-94791EB16C56}.Release|x86.Build.0 = Release|x86
		{08206596-09E3-43FC-B930-ABDED3B0E36E}.Debug|Any CPU.ActiveCfg = Debug|Any CPU
		{08206596-09E3-43FC-B930-ABDED3B0E36E}.Debug|Any CPU.Build.0 = Debug|Any CPU
		{08206596-09E3-43FC-B930-ABDED3B0E36E}.Debug|x64.ActiveCfg = Debug|x64
		{08206596-09E3-43FC-B930-ABDED3B0E36E}.Debug|x64.Build.0 = Debug|x64
		{08206596-09E3-43FC-B930-ABDED3B0E36E}.Debug|x86.ActiveCfg = Debug|x86
		{08206596-09E3-43FC-B930-ABDED3B0E36E}.Debug|x86.Build.0 = Debug|x86
		{08206596-09E3-43FC-B930-ABDED3B0E36E}.Release|Any CPU.ActiveCfg = Release|Any CPU
		{08206596-09E3-43FC-B930-ABDED3B0E36E}.Release|Any CPU.Build.0 = Release|Any CPU
		{08206596-09E3-43FC-B930-ABDED3B0E36E}.Release|x64.ActiveCfg = Release|x64
		{08206596-09E3-43FC-B930-ABDED3B0E36E}.Release|x64.Build.0 = Release|x64
		{08206596-09E3-43FC-B930-ABDED3B0E36E}.Release|x86.ActiveCfg = Release|x86
		{08206596-09E3-43FC-B930-ABDED3B0E36E}.Release|x86.Build.0 = Release|x86
		{29BA21A4-F85D-471D-A68B-3C4D8D31E68C}.Debug|Any CPU.ActiveCfg = Debug|Any CPU
		{29BA21A4-F85D-471D-A68B-3C4D8D31E68C}.Debug|Any CPU.Build.0 = Debug|Any CPU
		{29BA21A4-F85D-471D-A68B-3C4D8D31E68C}.Debug|x64.ActiveCfg = Debug|Any CPU
		{29BA21A4-F85D-471D-A68B-3C4D8D31E68C}.Debug|x86.ActiveCfg = Debug|x86
		{29BA21A4-F85D-471D-A68B-3C4D8D31E68C}.Debug|x86.Build.0 = Debug|x86
		{29BA21A4-F85D-471D-A68B-3C4D8D31E68C}.Release|Any CPU.ActiveCfg = Release|Any CPU
		{29BA21A4-F85D-471D-A68B-3C4D8D31E68C}.Release|Any CPU.Build.0 = Release|Any CPU
		{29BA21A4-F85D-471D-A68B-3C4D8D31E68C}.Release|x64.ActiveCfg = Release|Any CPU
		{29BA21A4-F85D-471D-A68B-3C4D8D31E68C}.Release|x86.ActiveCfg = Release|x86
		{29BA21A4-F85D-471D-A68B-3C4D8D31E68C}.Release|x86.Build.0 = Release|x86
		{AA7570A5-66B1-4298-8A4C-90B0FCAA432E}.Debug|Any CPU.ActiveCfg = Debug|Any CPU
		{AA7570A5-66B1-4298-8A4C-90B0FCAA432E}.Debug|Any CPU.Build.0 = Debug|Any CPU
		{AA7570A5-66B1-4298-8A4C-90B0FCAA432E}.Debug|x64.ActiveCfg = Debug|x86
		{AA7570A5-66B1-4298-8A4C-90B0FCAA432E}.Debug|x86.ActiveCfg = Debug|x86
		{AA7570A5-66B1-4298-8A4C-90B0FCAA432E}.Debug|x86.Build.0 = Debug|x86
		{AA7570A5-66B1-4298-8A4C-90B0FCAA432E}.Release|Any CPU.ActiveCfg = Release|Any CPU
		{AA7570A5-66B1-4298-8A4C-90B0FCAA432E}.Release|Any CPU.Build.0 = Release|Any CPU
		{AA7570A5-66B1-4298-8A4C-90B0FCAA432E}.Release|x64.ActiveCfg = Release|x86
		{AA7570A5-66B1-4298-8A4C-90B0FCAA432E}.Release|x86.ActiveCfg = Release|x86
		{AA7570A5-66B1-4298-8A4C-90B0FCAA432E}.Release|x86.Build.0 = Release|x86
	EndGlobalSection
	GlobalSection(SolutionProperties) = preSolution
		HideSolutionNode = FALSE
	EndGlobalSection
EndGlobal
